// !$*UTF8*$!
{
	archiveVersion = 1;
	classes = {
	};
	objectVersion = 50;
	objects = {

/* Begin PBXBuildFile section */
		BE6CF5C22547D21600939942 /* main.swift in Sources */ = {isa = PBXBuildFile; fileRef = BE6CF5C12547D21600939942 /* main.swift */; };
		BE6CF5F32547D2A800939942 /* BinarySearchTree.swift in Sources */ = {isa = PBXBuildFile; fileRef = BE6CF5E72547D2A800939942 /* BinarySearchTree.swift */; };
		BE6CF5F42547D2A800939942 /* TreeNode.swift in Sources */ = {isa = PBXBuildFile; fileRef = BE6CF5E82547D2A800939942 /* TreeNode.swift */; };
		BE6CF5F72547D2A800939942 /* Stack.swift in Sources */ = {isa = PBXBuildFile; fileRef = BE6CF5EC2547D2A800939942 /* Stack.swift */; };
		BE6CF5F82547D2A800939942 /* ArrayList.swift in Sources */ = {isa = PBXBuildFile; fileRef = BE6CF5ED2547D2A800939942 /* ArrayList.swift */; };
		BE6CF5F92547D2A800939942 /* List.swift in Sources */ = {isa = PBXBuildFile; fileRef = BE6CF5EF2547D2A800939942 /* List.swift */; };
		BE6CF5FA2547D2A800939942 /* Queue.swift in Sources */ = {isa = PBXBuildFile; fileRef = BE6CF5F02547D2A800939942 /* Queue.swift */; };
		BE6CF5FB2547D2A800939942 /* ListNode.swift in Sources */ = {isa = PBXBuildFile; fileRef = BE6CF5F12547D2A800939942 /* ListNode.swift */; };
		BE6CF5FC2547D2A800939942 /* LinkedList.swift in Sources */ = {isa = PBXBuildFile; fileRef = BE6CF5F22547D2A800939942 /* LinkedList.swift */; };
		BE6CF6012547EAEB00939942 /* RBTree.swift in Sources */ = {isa = PBXBuildFile; fileRef = BE6CF6002547EAEB00939942 /* RBTree.swift */; };
		BE6CF6052547EAF500939942 /* RBNode.swift in Sources */ = {isa = PBXBuildFile; fileRef = BE6CF6042547EAF500939942 /* RBNode.swift */; };
/* End PBXBuildFile section */

/* Begin PBXCopyFilesBuildPhase section */
		BE6CF5BC2547D21600939942 /* CopyFiles */ = {
			isa = PBXCopyFilesBuildPhase;
			buildActionMask = 2147483647;
			dstPath = /usr/share/man/man1/;
			dstSubfolderSpec = 0;
			files = (
			);
			runOnlyForDeploymentPostprocessing = 1;
		};
/* End PBXCopyFilesBuildPhase section */

/* Begin PBXFileReference section */
		BE6CF5BE2547D21600939942 /* 10平衡二叉搜索树之红黑树 */ = {isa = PBXFileReference; explicitFileType = "compiled.mach-o.executable"; includeInIndex = 0; path = "10平衡二叉搜索树之红黑树"; sourceTree = BUILT_PRODUCTS_DIR; };
		BE6CF5C12547D21600939942 /* main.swift */ = {isa = PBXFileReference; lastKnownFileType = sourcecode.swift; path = main.swift; sourceTree = "<group>"; };
		BE6CF5E72547D2A800939942 /* BinarySearchTree.swift */ = {isa = PBXFileReference; fileEncoding = 4; lastKnownFileType = sourcecode.swift; path = BinarySearchTree.swift; sourceTree = "<group>"; };
		BE6CF5E82547D2A800939942 /* TreeNode.swift */ = {isa = PBXFileReference; fileEncoding = 4; lastKnownFileType = sourcecode.swift; path = TreeNode.swift; sourceTree = "<group>"; };
		BE6CF5EC2547D2A800939942 /* Stack.swift */ = {isa = PBXFileReference; fileEncoding = 4; lastKnownFileType = sourcecode.swift; path = Stack.swift; sourceTree = "<group>"; };
		BE6CF5ED2547D2A800939942 /* ArrayList.swift */ = {isa = PBXFileReference; fileEncoding = 4; lastKnownFileType = sourcecode.swift; path = ArrayList.swift; sourceTree = "<group>"; };
		BE6CF5EF2547D2A800939942 /* List.swift */ = {isa = PBXFileReference; fileEncoding = 4; lastKnownFileType = sourcecode.swift; path = List.swift; sourceTree = "<group>"; };
		BE6CF5F02547D2A800939942 /* Queue.swift */ = {isa = PBXFileReference; fileEncoding = 4; lastKnownFileType = sourcecode.swift; path = Queue.swift; sourceTree = "<group>"; };
		BE6CF5F12547D2A800939942 /* ListNode.swift */ = {isa = PBXFileReference; fileEncoding = 4; lastKnownFileType = sourcecode.swift; path = ListNode.swift; sourceTree = "<group>"; };
		BE6CF5F22547D2A800939942 /* LinkedList.swift */ = {isa = PBXFileReference; fileEncoding = 4; lastKnownFileType = sourcecode.swift; path = LinkedList.swift; sourceTree = "<group>"; };
		BE6CF6002547EAEB00939942 /* RBTree.swift */ = {isa = PBXFileReference; lastKnownFileType = sourcecode.swift; path = RBTree.swift; sourceTree = "<group>"; };
		BE6CF6042547EAF500939942 /* RBNode.swift */ = {isa = PBXFileReference; lastKnownFileType = sourcecode.swift; path = RBNode.swift; sourceTree = "<group>"; };
/* End PBXFileReference section */

/* Begin PBXFrameworksBuildPhase section */
		BE6CF5BB2547D21600939942 /* Frameworks */ = {
			isa = PBXFrameworksBuildPhase;
			buildActionMask = 2147483647;
			files = (
			);
			runOnlyForDeploymentPostprocessing = 0;
		};
/* End PBXFrameworksBuildPhase section */

/* Begin PBXGroup section */
		BE6CF5B52547D21600939942 = {
			isa = PBXGroup;
			children = (
				BE6CF5C02547D21600939942 /* 10平衡二叉搜索树之红黑树 */,
				BE6CF5BF2547D21600939942 /* Products */,
			);
			sourceTree = "<group>";
		};
		BE6CF5BF2547D21600939942 /* Products */ = {
			isa = PBXGroup;
			children = (
				BE6CF5BE2547D21600939942 /* 10平衡二叉搜索树之红黑树 */,
			);
			name = Products;
			sourceTree = "<group>";
		};
		BE6CF5C02547D21600939942 /* 10平衡二叉搜索树之红黑树 */ = {
			isa = PBXGroup;
			children = (
				BE6CF5EE2547D2A800939942 /* 队列 */,
				BE6CF5EB2547D2A800939942 /* 栈 */,
				BE6CF5E62547D2A800939942 /* 二叉树 */,
				BE6CF5C12547D21600939942 /* main.swift */,
			);
			path = "10平衡二叉搜索树之红黑树";
			sourceTree = "<group>";
		};
		BE6CF5E62547D2A800939942 /* 二叉树 */ = {
			isa = PBXGroup;
			children = (
				BE6CF5E82547D2A800939942 /* TreeNode.swift */,
				BE6CF6042547EAF500939942 /* RBNode.swift */,
				BE6CF5E72547D2A800939942 /* BinarySearchTree.swift */,
				BE6CF6002547EAEB00939942 /* RBTree.swift */,
			);
			path = "二叉树";
			sourceTree = "<group>";
		};
		BE6CF5EB2547D2A800939942 /* 栈 */ = {
			isa = PBXGroup;
			children = (
				BE6CF5EC2547D2A800939942 /* Stack.swift */,
				BE6CF5ED2547D2A800939942 /* ArrayList.swift */,
			);
			path = "栈";
			sourceTree = "<group>";
		};
		BE6CF5EE2547D2A800939942 /* 队列 */ = {
			isa = PBXGroup;
			children = (
				BE6CF5EF2547D2A800939942 /* List.swift */,
				BE6CF5F02547D2A800939942 /* Queue.swift */,
				BE6CF5F12547D2A800939942 /* ListNode.swift */,
				BE6CF5F22547D2A800939942 /* LinkedList.swift */,
			);
			path = "队列";
			sourceTree = "<group>";
		};
/* End PBXGroup section */

/* Begin PBXNativeTarget section */
		BE6CF5BD2547D21600939942 /* 10平衡二叉搜索树之红黑树 */ = {
			isa = PBXNativeTarget;
			buildConfigurationList = BE6CF5C52547D21600939942 /* Build configuration list for PBXNativeTarget "10平衡二叉搜索树之红黑树" */;
			buildPhases = (
				BE6CF5BA2547D21600939942 /* Sources */,
				BE6CF5BB2547D21600939942 /* Frameworks */,
				BE6CF5BC2547D21600939942 /* CopyFiles */,
			);
			buildRules = (
			);
			dependencies = (
			);
			name = "10平衡二叉搜索树之红黑树";
			productName = "10平衡二叉搜索树之红黑树";
			productReference = BE6CF5BE2547D21600939942 /* 10平衡二叉搜索树之红黑树 */;
			productType = "com.apple.product-type.tool";
		};
/* End PBXNativeTarget section */

/* Begin PBXProject section */
		BE6CF5B62547D21600939942 /* Project object */ = {
			isa = PBXProject;
			attributes = {
				LastSwiftUpdateCheck = 1200;
				LastUpgradeCheck = 1200;
				TargetAttributes = {
					BE6CF5BD2547D21600939942 = {
						CreatedOnToolsVersion = 12.0;
					};
				};
			};
			buildConfigurationList = BE6CF5B92547D21600939942 /* Build configuration list for PBXProject "10平衡二叉搜索树之红黑树" */;
			compatibilityVersion = "Xcode 9.3";
			developmentRegion = en;
			hasScannedForEncodings = 0;
			knownRegions = (
				en,
				Base,
			);
			mainGroup = BE6CF5B52547D21600939942;
			productRefGroup = BE6CF5BF2547D21600939942 /* Products */;
			projectDirPath = "";
			projectRoot = "";
			targets = (
				BE6CF5BD2547D21600939942 /* 10平衡二叉搜索树之红黑树 */,
			);
		};
/* End PBXProject section */

/* Begin PBXSourcesBuildPhase section */
		BE6CF5BA2547D21600939942 /* Sources */ = {
			isa = PBXSourcesBuildPhase;
			buildActionMask = 2147483647;
			files = (
				BE6CF5F82547D2A800939942 /* ArrayList.swift in Sources */,
				BE6CF5FB2547D2A800939942 /* ListNode.swift in Sources */,
				BE6CF5F92547D2A800939942 /* List.swift in Sources */,
				BE6CF5F32547D2A800939942 /* BinarySearchTree.swift in Sources */,
				BE6CF5C22547D21600939942 /* main.swift in Sources */,
				BE6CF5F42547D2A800939942 /* TreeNode.swift in Sources */,
				BE6CF6012547EAEB00939942 /* RBTree.swift in Sources */,
				BE6CF6052547EAF500939942 /* RBNode.swift in Sources */,
				BE6CF5F72547D2A800939942 /* Stack.swift in Sources */,
				BE6CF5FA2547D2A800939942 /* Queue.swift in Sources */,
				BE6CF5FC2547D2A800939942 /* LinkedList.swift in Sources */,
			);
			runOnlyForDeploymentPostprocessing = 0;
		};
/* End PBXSourcesBuildPhase section */

/* Begin XCBuildConfiguration section */
		BE6CF5C32547D21600939942 /* Debug */ = {
			isa = XCBuildConfiguration;
			buildSettings = {
				ALWAYS_SEARCH_USER_PATHS = NO;
				CLANG_ANALYZER_NONNULL = YES;
				CLANG_ANALYZER_NUMBER_OBJECT_CONVERSION = YES_AGGRESSIVE;
				CLANG_CXX_LANGUAGE_STANDARD = "gnu++14";
				CLANG_CXX_LIBRARY = "libc++";
				CLANG_ENABLE_MODULES = YES;
				CLANG_ENABLE_OBJC_ARC = YES;
				CLANG_ENABLE_OBJC_WEAK = YES;
				CLANG_WARN_BLOCK_CAPTURE_AUTORELEASING = YES;
				CLANG_WARN_BOOL_CONVERSION = YES;
				CLANG_WARN_COMMA = YES;
				CLANG_WARN_CONSTANT_CONVERSION = YES;
				CLANG_WARN_DEPRECATED_OBJC_IMPLEMENTATIONS = YES;
				CLANG_WARN_DIRECT_OBJC_ISA_USAGE = YES_ERROR;
				CLANG_WARN_DOCUMENTATION_COMMENTS = YES;
				CLANG_WARN_EMPTY_BODY = YES;
				CLANG_WARN_ENUM_CONVERSION = YES;
				CLANG_WARN_INFINITE_RECURSION = YES;
				CLANG_WARN_INT_CONVERSION = YES;
				CLANG_WARN_NON_LITERAL_NULL_CONVERSION = YES;
				CLANG_WARN_OBJC_IMPLICIT_RETAIN_SELF = YES;
				CLANG_WARN_OBJC_LITERAL_CONVERSION = YES;
				CLANG_WARN_OBJC_ROOT_CLASS = YES_ERROR;
				CLANG_WARN_QUOTED_INCLUDE_IN_FRAMEWORK_HEADER = YES;
				CLANG_WARN_RANGE_LOOP_ANALYSIS = YES;
				CLANG_WARN_STRICT_PROTOTYPES = YES;
				CLANG_WARN_SUSPICIOUS_MOVE = YES;
				CLANG_WARN_UNGUARDED_AVAILABILITY = YES_AGGRESSIVE;
				CLANG_WARN_UNREACHABLE_CODE = YES;
				CLANG_WARN__DUPLICATE_METHOD_MATCH = YES;
				COPY_PHASE_STRIP = NO;
				DEBUG_INFORMATION_FORMAT = dwarf;
				ENABLE_STRICT_OBJC_MSGSEND = YES;
				ENABLE_TESTABILITY = YES;
				GCC_C_LANGUAGE_STANDARD = gnu11;
				GCC_DYNAMIC_NO_PIC = NO;
				GCC_NO_COMMON_BLOCKS = YES;
				GCC_OPTIMIZATION_LEVEL = 0;
				GCC_PREPROCESSOR_DEFINITIONS = (
					"DEBUG=1",
					"$(inherited)",
				);
				GCC_WARN_64_TO_32_BIT_CONVERSION = YES;
				GCC_WARN_ABOUT_RETURN_TYPE = YES_ERROR;
				GCC_WARN_UNDECLARED_SELECTOR = YES;
				GCC_WARN_UNINITIALIZED_AUTOS = YES_AGGRESSIVE;
				GCC_WARN_UNUSED_FUNCTION = YES;
				GCC_WARN_UNUSED_VARIABLE = YES;
				MACOSX_DEPLOYMENT_TARGET = 10.15;
				MTL_ENABLE_DEBUG_INFO = INCLUDE_SOURCE;
				MTL_FAST_MATH = YES;
				ONLY_ACTIVE_ARCH = YES;
				SDKROOT = macosx;
				SWIFT_ACTIVE_COMPILATION_CONDITIONS = DEBUG;
				SWIFT_OPTIMIZATION_LEVEL = "-Onone";
			};
			name = Debug;
		};
		BE6CF5C42547D21600939942 /* Release */ = {
			isa = XCBuildConfiguration;
			buildSettings = {
				ALWAYS_SEARCH_USER_PATHS = NO;
				CLANG_ANALYZER_NONNULL = YES;
				CLANG_ANALYZER_NUMBER_OBJECT_CONVERSION = YES_AGGRESSIVE;
				CLANG_CXX_LANGUAGE_STANDARD = "gnu++14";
				CLANG_CXX_LIBRARY = "libc++";
				CLANG_ENABLE_MODULES = YES;
				CLANG_ENABLE_OBJC_ARC = YES;
				CLANG_ENABLE_OBJC_WEAK = YES;
				CLANG_WARN_BLOCK_CAPTURE_AUTORELEASING = YES;
				CLANG_WARN_BOOL_CONVERSION = YES;
				CLANG_WARN_COMMA = YES;
				CLANG_WARN_CONSTANT_CONVERSION = YES;
				CLANG_WARN_DEPRECATED_OBJC_IMPLEMENTATIONS = YES;
				CLANG_WARN_DIRECT_OBJC_ISA_USAGE = YES_ERROR;
				CLANG_WARN_DOCUMENTATION_COMMENTS = YES;
				CLANG_WARN_EMPTY_BODY = YES;
				CLANG_WARN_ENUM_CONVERSION = YES;
				CLANG_WARN_INFINITE_RECURSION = YES;
				CLANG_WARN_INT_CONVERSION = YES;
				CLANG_WARN_NON_LITERAL_NULL_CONVERSION = YES;
				CLANG_WARN_OBJC_IMPLICIT_RETAIN_SELF = YES;
				CLANG_WARN_OBJC_LITERAL_CONVERSION = YES;
				CLANG_WARN_OBJC_ROOT_CLASS = YES_ERROR;
				CLANG_WARN_QUOTED_INCLUDE_IN_FRAMEWORK_HEADER = YES;
				CLANG_WARN_RANGE_LOOP_ANALYSIS = YES;
				CLANG_WARN_STRICT_PROTOTYPES = YES;
				CLANG_WARN_SUSPICIOUS_MOVE = YES;
				CLANG_WARN_UNGUARDED_AVAILABILITY = YES_AGGRESSIVE;
				CLANG_WARN_UNREACHABLE_CODE = YES;
				CLANG_WARN__DUPLICATE_METHOD_MATCH = YES;
				COPY_PHASE_STRIP = NO;
				DEBUG_INFORMATION_FORMAT = "dwarf-with-dsym";
				ENABLE_NS_ASSERTIONS = NO;
				ENABLE_STRICT_OBJC_MSGSEND = YES;
				GCC_C_LANGUAGE_STANDARD = gnu11;
				GCC_NO_COMMON_BLOCKS = YES;
				GCC_WARN_64_TO_32_BIT_CONVERSION = YES;
				GCC_WARN_ABOUT_RETURN_TYPE = YES_ERROR;
				GCC_WARN_UNDECLARED_SELECTOR = YES;
				GCC_WARN_UNINITIALIZED_AUTOS = YES_AGGRESSIVE;
				GCC_WARN_UNUSED_FUNCTION = YES;
				GCC_WARN_UNUSED_VARIABLE = YES;
				MACOSX_DEPLOYMENT_TARGET = 10.15;
				MTL_ENABLE_DEBUG_INFO = NO;
				MTL_FAST_MATH = YES;
				SDKROOT = macosx;
				SWIFT_COMPILATION_MODE = wholemodule;
				SWIFT_OPTIMIZATION_LEVEL = "-O";
			};
			name = Release;
		};
		BE6CF5C62547D21600939942 /* Debug */ = {
			isa = XCBuildConfiguration;
			buildSettings = {
				CODE_SIGN_STYLE = Automatic;
				DEVELOPMENT_TEAM = 9VEPTEB4EM;
				ENABLE_HARDENED_RUNTIME = YES;
				PRODUCT_NAME = "$(TARGET_NAME)";
				SWIFT_VERSION = 5.0;
			};
			name = Debug;
		};
		BE6CF5C72547D21600939942 /* Release */ = {
			isa = XCBuildConfiguration;
			buildSettings = {
				CODE_SIGN_STYLE = Automatic;
				DEVELOPMENT_TEAM = 9VEPTEB4EM;
				ENABLE_HARDENED_RUNTIME = YES;
				PRODUCT_NAME = "$(TARGET_NAME)";
				SWIFT_VERSION = 5.0;
			};
			name = Release;
		};
/* End XCBuildConfiguration section */

/* Begin XCConfigurationList section */
		BE6CF5B92547D21600939942 /* Build configuration list for PBXProject "10平衡二叉搜索树之红黑树" */ = {
			isa = XCConfigurationList;
			buildConfigurations = (
				BE6CF5C32547D21600939942 /* Debug */,
				BE6CF5C42547D21600939942 /* Release */,
			);
			defaultConfigurationIsVisible = 0;
			defaultConfigurationName = Release;
		};
		BE6CF5C52547D21600939942 /* Build configuration list for PBXNativeTarget "10平衡二叉搜索树之红黑树" */ = {
			isa = XCConfigurationList;
			buildConfigurations = (
				BE6CF5C62547D21600939942 /* Debug */,
				BE6CF5C72547D21600939942 /* Release */,
			);
			defaultConfigurationIsVisible = 0;
			defaultConfigurationName = Release;
		};
/* End XCConfigurationList section */
	};
	rootObject = BE6CF5B62547D21600939942 /* Project object */;
}
